
Microsoft Visual Studio Solution File, Format Version 12.00
# Visual Studio 15
VisualStudioVersion = 15.0.28307.572
MinimumVisualStudioVersion = 10.0.40219.1
Project("{FAE04EC0-301F-11D3-BF4B-00C04F79EFBC}") = "Sender", "Sender\Sender.csproj", "{6C167D11-9808-4983-B7C3-072955EDEF1C}"
EndProject
Project("{FAE04EC0-301F-11D3-BF4B-00C04F79EFBC}") = "Receiver", "Receiver\Receiver.csproj", "{EFE25C44-8638-48D9-8E86-8773257CAE9D}"
EndProject
Global
	GlobalSection(SolutionConfigurationPlatforms) = preSolution
		Debug|Any CPU = Debug|Any CPU
		Release|Any CPU = Release|Any CPU
	EndGlobalSection
	GlobalSection(ProjectConfigurationPlatforms) = postSolution
		{6C167D11-9808-4983-B7C3-072955EDEF1C}.Debug|Any CPU.ActiveCfg = Debug|Any CPU
		{6C167D11-9808-4983-B7C3-072955EDEF1C}.Debug|Any CPU.Build.0 = Debug|Any CPU
		{6C167D11-9808-4983-B7C3-072955EDEF1C}.Release|Any CPU.ActiveCfg = Release|Any CPU
		{6C167D11-9808-4983-B7C3-072955EDEF1C}.Release|Any CPU.Build.0 = Release|Any CPU
		{EFE25C44-8638-48D9-8E86-8773257CAE9D}.Debug|Any CPU.ActiveCfg = Debug|Any CPU
		{EFE25C44-8638-48D9-8E86-8773257CAE9D}.Debug|Any CPU.Build.0 = Debug|Any CPU
		{EFE25C44-8638-48D9-8E86-8773257CAE9D}.Release|Any CPU.ActiveCfg = Release|Any CPU
		{EFE25C44-8638-48D9-8E86-8773257CAE9D}.Release|Any CPU.Build.0 = Release|Any CPU
	EndGlobalSection
	GlobalSection(SolutionProperties) = preSolution
		HideSolutionNode = FALSE
	EndGlobalSection
	GlobalSection(ExtensibilityGlobals) = postSolution
		SolutionGuid = {B2B55347-8BF5-4527-AD75-0B032200ACE0}
	EndGlobalSection
EndGlobal
